{
  "pins" : [
    {
      "identity" : "sentry-cocoa",
      "kind" : "remoteSourceControl",
      "location" : "https://github.com/getsentry/sentry-cocoa",
      "state" : {
        "revision" : "a82041aad9163775a02c74a722c744f486cbc614",
        "version" : "8.56.1"
      }
    }
  ],
  "version" : 2
}
